
Microsoft Visual Studio Solution File, Format Version 12.00
# Visual Studio Version 17
VisualStudioVersion = 17.6.33829.357
MinimumVisualStudioVersion = 10.0.40219.1
Project("{9A19103F-16F7-4668-BE54-9A1E7A4F7556}") = "TFG", "TFG\TFG.csproj", "{B477593A-6DB8-47D4-97B3-B6A38CB82EE0}"
EndProject
Global
	GlobalSection(SolutionConfigurationPlatforms) = preSolution
		Debug|Any CPU = Debug|Any CPU
		Release|Any CPU = Release|Any CPU
	EndGlobalSection
	GlobalSection(ProjectConfigurationPlatforms) = postSolution
		{B477593A-6DB8-47D4-97B3-B6A38CB82EE0}.Debug|Any CPU.ActiveCfg = Debug|Any CPU
		{B477593A-6DB8-47D4-97B3-B6A38CB82EE0}.Debug|Any CPU.Build.0 = Debug|Any CPU
		{B477593A-6DB8-47D4-97B3-B6A38CB82EE0}.Release|Any CPU.ActiveCfg = Release|Any CPU
		{B477593A-6DB8-47D4-97B3-B6A38CB82EE0}.Release|Any CPU.Build.0 = Release|Any CPU
	EndGlobalSection
	GlobalSection(SolutionProperties) = preSolution
		HideSolutionNode = FALSE
	EndGlobalSection
	GlobalSection(ExtensibilityGlobals) = postSolution
		SolutionGuid = {D795C23C-8B9C-4C22-9BCA-C9A503E68414}
	EndGlobalSection
EndGlobal
